// !$*UTF8*$!
{
	archiveVersion = 1;
	classes = {
	};
	objectVersion = 56;
	objects = {

/* Begin PBXBuildFile section */
		282BA9BB2B25301A00A4E6B4 /* MainViewController.swift in Sources */ = {isa = PBXBuildFile; fileRef = 282BA9B92B25301A00A4E6B4 /* MainViewController.swift */; };
		286597662B2531DE006D51D0 /* Main.storyboard in Resources */ = {isa = PBXBuildFile; fileRef = 286597642B2531DE006D51D0 /* Main.storyboard */; };
		2865976B2B255AA3006D51D0 /* WeatherViewController.swift in Sources */ = {isa = PBXBuildFile; fileRef = 2865976A2B255AA3006D51D0 /* WeatherViewController.swift */; };
		2865976D2B255ACE006D51D0 /* WeatherViewModel.swift in Sources */ = {isa = PBXBuildFile; fileRef = 2865976C2B255ACE006D51D0 /* WeatherViewModel.swift */; };
		2865976F2B255BAD006D51D0 /* Double+Convertions.swift in Sources */ = {isa = PBXBuildFile; fileRef = 2865976E2B255BAD006D51D0 /* Double+Convertions.swift */; };
		286597712B255BDC006D51D0 /* UIImageView+LoadImage.swift in Sources */ = {isa = PBXBuildFile; fileRef = 286597702B255BDC006D51D0 /* UIImageView+LoadImage.swift */; };
		286597732B25651C006D51D0 /* Weather.swift in Sources */ = {isa = PBXBuildFile; fileRef = 286597722B25651C006D51D0 /* Weather.swift */; };
		286597752B256525006D51D0 /* Clouds.swift in Sources */ = {isa = PBXBuildFile; fileRef = 286597742B256525006D51D0 /* Clouds.swift */; };
		286597772B256535006D51D0 /* Coordinate.swift in Sources */ = {isa = PBXBuildFile; fileRef = 286597762B256535006D51D0 /* Coordinate.swift */; };
		286597792B256539006D51D0 /* Main.swift in Sources */ = {isa = PBXBuildFile; fileRef = 286597782B256539006D51D0 /* Main.swift */; };
		2865977B2B25653F006D51D0 /* Wind.swift in Sources */ = {isa = PBXBuildFile; fileRef = 2865977A2B25653F006D51D0 /* Wind.swift */; };
		2865977D2B25654A006D51D0 /* WeatherInfo.swift in Sources */ = {isa = PBXBuildFile; fileRef = 2865977C2B25654A006D51D0 /* WeatherInfo.swift */; };
		2865977F2B256551006D51D0 /* Sys.swift in Sources */ = {isa = PBXBuildFile; fileRef = 2865977E2B256551006D51D0 /* Sys.swift */; };
		286597812B256F32006D51D0 /* UIViewController+CoreData.swift in Sources */ = {isa = PBXBuildFile; fileRef = 286597802B256F32006D51D0 /* UIViewController+CoreData.swift */; };
		286597852B258643006D51D0 /* Model.xcdatamodeld in Sources */ = {isa = PBXBuildFile; fileRef = 286597832B258643006D51D0 /* Model.xcdatamodeld */; };
		286597882B263FB4006D51D0 /* SearchData.swift in Sources */ = {isa = PBXBuildFile; fileRef = 286597872B263FB4006D51D0 /* SearchData.swift */; };
		2865978A2B267690006D51D0 /* WeatherData.swift in Sources */ = {isa = PBXBuildFile; fileRef = 286597892B267690006D51D0 /* WeatherData.swift */; };
		2865978C2B267710006D51D0 /* SearchHistoryData.swift in Sources */ = {isa = PBXBuildFile; fileRef = 2865978B2B267710006D51D0 /* SearchHistoryData.swift */; };
		2865978F2B26B80D006D51D0 /* HistoryTableViewController.swift in Sources */ = {isa = PBXBuildFile; fileRef = 2865978E2B26B80D006D51D0 /* HistoryTableViewController.swift */; };
		286597912B26C2FB006D51D0 /* HistoryViewModel.swift in Sources */ = {isa = PBXBuildFile; fileRef = 286597902B26C2FB006D51D0 /* HistoryViewModel.swift */; };
		286597932B26CB33006D51D0 /* WeatherTableViewCell.swift in Sources */ = {isa = PBXBuildFile; fileRef = 286597922B26CB33006D51D0 /* WeatherTableViewCell.swift */; };
		287E73F52B24FBFC0093C604 /* AppDelegate.swift in Sources */ = {isa = PBXBuildFile; fileRef = 287E73F42B24FBFC0093C604 /* AppDelegate.swift */; };
		287E73F72B24FBFC0093C604 /* SceneDelegate.swift in Sources */ = {isa = PBXBuildFile; fileRef = 287E73F62B24FBFC0093C604 /* SceneDelegate.swift */; };
		287E74012B24FBFD0093C604 /* Assets.xcassets in Resources */ = {isa = PBXBuildFile; fileRef = 287E74002B24FBFD0093C604 /* Assets.xcassets */; };
		287E74042B24FBFD0093C604 /* LaunchScreen.storyboard in Resources */ = {isa = PBXBuildFile; fileRef = 287E74022B24FBFD0093C604 /* LaunchScreen.storyboard */; };
		287E74142B2521AD0093C604 /* UIViewController+UIAlertController.swift in Sources */ = {isa = PBXBuildFile; fileRef = 287E74132B2521AD0093C604 /* UIViewController+UIAlertController.swift */; };
/* End PBXBuildFile section */

/* Begin PBXFileReference section */
		282BA9B92B25301A00A4E6B4 /* MainViewController.swift */ = {isa = PBXFileReference; fileEncoding = 4; lastKnownFileType = sourcecode.swift; path = MainViewController.swift; sourceTree = "<group>"; };
		286597652B2531DE006D51D0 /* Base */ = {isa = PBXFileReference; lastKnownFileType = file.storyboard; name = Base; path = Base.lproj/Main.storyboard; sourceTree = "<group>"; };
		2865976A2B255AA3006D51D0 /* WeatherViewController.swift */ = {isa = PBXFileReference; lastKnownFileType = sourcecode.swift; path = WeatherViewController.swift; sourceTree = "<group>"; };
		2865976C2B255ACE006D51D0 /* WeatherViewModel.swift */ = {isa = PBXFileReference; lastKnownFileType = sourcecode.swift; path = WeatherViewModel.swift; sourceTree = "<group>"; };
		2865976E2B255BAD006D51D0 /* Double+Convertions.swift */ = {isa = PBXFileReference; lastKnownFileType = sourcecode.swift; path = "Double+Convertions.swift"; sourceTree = "<group>"; };
		286597702B255BDC006D51D0 /* UIImageView+LoadImage.swift */ = {isa = PBXFileReference; lastKnownFileType = sourcecode.swift; path = "UIImageView+LoadImage.swift"; sourceTree = "<group>"; };
		286597722B25651C006D51D0 /* Weather.swift */ = {isa = PBXFileReference; lastKnownFileType = sourcecode.swift; path = Weather.swift; sourceTree = "<group>"; };
		286597742B256525006D51D0 /* Clouds.swift */ = {isa = PBXFileReference; lastKnownFileType = sourcecode.swift; path = Clouds.swift; sourceTree = "<group>"; };
		286597762B256535006D51D0 /* Coordinate.swift */ = {isa = PBXFileReference; lastKnownFileType = sourcecode.swift; path = Coordinate.swift; sourceTree = "<group>"; };
		286597782B256539006D51D0 /* Main.swift */ = {isa = PBXFileReference; lastKnownFileType = sourcecode.swift; path = Main.swift; sourceTree = "<group>"; };
		2865977A2B25653F006D51D0 /* Wind.swift */ = {isa = PBXFileReference; lastKnownFileType = sourcecode.swift; path = Wind.swift; sourceTree = "<group>"; };
		2865977C2B25654A006D51D0 /* WeatherInfo.swift */ = {isa = PBXFileReference; lastKnownFileType = sourcecode.swift; path = WeatherInfo.swift; sourceTree = "<group>"; };
		2865977E2B256551006D51D0 /* Sys.swift */ = {isa = PBXFileReference; lastKnownFileType = sourcecode.swift; path = Sys.swift; sourceTree = "<group>"; };
		286597802B256F32006D51D0 /* UIViewController+CoreData.swift */ = {isa = PBXFileReference; lastKnownFileType = sourcecode.swift; path = "UIViewController+CoreData.swift"; sourceTree = "<group>"; };
		286597842B258643006D51D0 /* Model.xcdatamodel */ = {isa = PBXFileReference; lastKnownFileType = wrapper.xcdatamodel; path = Model.xcdatamodel; sourceTree = "<group>"; };
		286597872B263FB4006D51D0 /* SearchData.swift */ = {isa = PBXFileReference; lastKnownFileType = sourcecode.swift; path = SearchData.swift; sourceTree = "<group>"; };
		286597892B267690006D51D0 /* WeatherData.swift */ = {isa = PBXFileReference; lastKnownFileType = sourcecode.swift; path = WeatherData.swift; sourceTree = "<group>"; };
		2865978B2B267710006D51D0 /* SearchHistoryData.swift */ = {isa = PBXFileReference; lastKnownFileType = sourcecode.swift; path = SearchHistoryData.swift; sourceTree = "<group>"; };
		2865978E2B26B80D006D51D0 /* HistoryTableViewController.swift */ = {isa = PBXFileReference; lastKnownFileType = sourcecode.swift; path = HistoryTableViewController.swift; sourceTree = "<group>"; };
		286597902B26C2FB006D51D0 /* HistoryViewModel.swift */ = {isa = PBXFileReference; lastKnownFileType = sourcecode.swift; path = HistoryViewModel.swift; sourceTree = "<group>"; };
		286597922B26CB33006D51D0 /* WeatherTableViewCell.swift */ = {isa = PBXFileReference; lastKnownFileType = sourcecode.swift; path = WeatherTableViewCell.swift; sourceTree = "<group>"; };
		287E73F12B24FBFC0093C604 /* Mariana_RiosSilveiraCarvalho_FE_8903346.app */ = {isa = PBXFileReference; explicitFileType = wrapper.application; includeInIndex = 0; path = Mariana_RiosSilveiraCarvalho_FE_8903346.app; sourceTree = BUILT_PRODUCTS_DIR; };
		287E73F42B24FBFC0093C604 /* AppDelegate.swift */ = {isa = PBXFileReference; lastKnownFileType = sourcecode.swift; path = AppDelegate.swift; sourceTree = "<group>"; };
		287E73F62B24FBFC0093C604 /* SceneDelegate.swift */ = {isa = PBXFileReference; lastKnownFileType = sourcecode.swift; path = SceneDelegate.swift; sourceTree = "<group>"; };
		287E74002B24FBFD0093C604 /* Assets.xcassets */ = {isa = PBXFileReference; lastKnownFileType = folder.assetcatalog; path = Assets.xcassets; sourceTree = "<group>"; };
		287E74032B24FBFD0093C604 /* Base */ = {isa = PBXFileReference; lastKnownFileType = file.storyboard; name = Base; path = Base.lproj/LaunchScreen.storyboard; sourceTree = "<group>"; };
		287E74052B24FBFD0093C604 /* Info.plist */ = {isa = PBXFileReference; lastKnownFileType = text.plist.xml; path = Info.plist; sourceTree = "<group>"; };
		287E74132B2521AD0093C604 /* UIViewController+UIAlertController.swift */ = {isa = PBXFileReference; lastKnownFileType = sourcecode.swift; path = "UIViewController+UIAlertController.swift"; sourceTree = "<group>"; };
/* End PBXFileReference section */

/* Begin PBXFrameworksBuildPhase section */
		287E73EE2B24FBFC0093C604 /* Frameworks */ = {
			isa = PBXFrameworksBuildPhase;
			buildActionMask = 2147483647;
			files = (
			);
			runOnlyForDeploymentPostprocessing = 0;
		};
/* End PBXFrameworksBuildPhase section */

/* Begin PBXGroup section */
		282BA9BC2B25303800A4E6B4 /* Main */ = {
			isa = PBXGroup;
			children = (
				282BA9B92B25301A00A4E6B4 /* MainViewController.swift */,
			);
			path = Main;
			sourceTree = "<group>";
		};
		286597672B255A68006D51D0 /* Weather */ = {
			isa = PBXGroup;
			children = (
				2865976A2B255AA3006D51D0 /* WeatherViewController.swift */,
				2865976C2B255ACE006D51D0 /* WeatherViewModel.swift */,
			);
			path = Weather;
			sourceTree = "<group>";
		};
		286597682B255A79006D51D0 /* Entity */ = {
			isa = PBXGroup;
			children = (
				286597862B263FA3006D51D0 /* Model */,
				286597692B255A8A006D51D0 /* Weather */,
			);
			path = Entity;
			sourceTree = "<group>";
		};
		286597692B255A8A006D51D0 /* Weather */ = {
			isa = PBXGroup;
			children = (
				286597742B256525006D51D0 /* Clouds.swift */,
				286597762B256535006D51D0 /* Coordinate.swift */,
				286597782B256539006D51D0 /* Main.swift */,
				2865977E2B256551006D51D0 /* Sys.swift */,
				286597722B25651C006D51D0 /* Weather.swift */,
				2865977C2B25654A006D51D0 /* WeatherInfo.swift */,
				2865977A2B25653F006D51D0 /* Wind.swift */,
			);
			path = Weather;
			sourceTree = "<group>";
		};
		286597822B258615006D51D0 /* Model */ = {
			isa = PBXGroup;
			children = (
				286597832B258643006D51D0 /* Model.xcdatamodeld */,
			);
			path = Model;
			sourceTree = "<group>";
		};
		286597862B263FA3006D51D0 /* Model */ = {
			isa = PBXGroup;
			children = (
				286597872B263FB4006D51D0 /* SearchData.swift */,
				2865978B2B267710006D51D0 /* SearchHistoryData.swift */,
				286597892B267690006D51D0 /* WeatherData.swift */,
			);
			path = Model;
			sourceTree = "<group>";
		};
		2865978D2B26B7ED006D51D0 /* History */ = {
			isa = PBXGroup;
			children = (
				2865978E2B26B80D006D51D0 /* HistoryTableViewController.swift */,
				286597902B26C2FB006D51D0 /* HistoryViewModel.swift */,
				286597922B26CB33006D51D0 /* WeatherTableViewCell.swift */,
			);
			path = History;
			sourceTree = "<group>";
		};
		287E73E82B24FBFC0093C604 = {
			isa = PBXGroup;
			children = (
				287E73F32B24FBFC0093C604 /* Mariana_RiosSilveiraCarvalho_FE_8903346 */,
				287E73F22B24FBFC0093C604 /* Products */,
			);
			sourceTree = "<group>";
		};
		287E73F22B24FBFC0093C604 /* Products */ = {
			isa = PBXGroup;
			children = (
				287E73F12B24FBFC0093C604 /* Mariana_RiosSilveiraCarvalho_FE_8903346.app */,
			);
			name = Products;
			sourceTree = "<group>";
		};
		287E73F32B24FBFC0093C604 /* Mariana_RiosSilveiraCarvalho_FE_8903346 */ = {
			isa = PBXGroup;
			children = (
				287E74052B24FBFD0093C604 /* Info.plist */,
				287E73F42B24FBFC0093C604 /* AppDelegate.swift */,
				287E73F62B24FBFC0093C604 /* SceneDelegate.swift */,
				287E74002B24FBFD0093C604 /* Assets.xcassets */,
				286597682B255A79006D51D0 /* Entity */,
				287E74112B25216F0093C604 /* Extensions */,
				2865978D2B26B7ED006D51D0 /* History */,
				287E74022B24FBFD0093C604 /* LaunchScreen.storyboard */,
				282BA9BC2B25303800A4E6B4 /* Main */,
				286597642B2531DE006D51D0 /* Main.storyboard */,
				286597822B258615006D51D0 /* Model */,
				286597672B255A68006D51D0 /* Weather */,
			);
			path = Mariana_RiosSilveiraCarvalho_FE_8903346;
			sourceTree = "<group>";
		};
		287E74112B25216F0093C604 /* Extensions */ = {
			isa = PBXGroup;
			children = (
				2865976E2B255BAD006D51D0 /* Double+Convertions.swift */,
				286597702B255BDC006D51D0 /* UIImageView+LoadImage.swift */,
				286597802B256F32006D51D0 /* UIViewController+CoreData.swift */,
				287E74132B2521AD0093C604 /* UIViewController+UIAlertController.swift */,
			);
			path = Extensions;
			sourceTree = "<group>";
		};
/* End PBXGroup section */

/* Begin PBXNativeTarget section */
		287E73F02B24FBFC0093C604 /* Mariana_RiosSilveiraCarvalho_FE_8903346 */ = {
			isa = PBXNativeTarget;
			buildConfigurationList = 287E74082B24FBFD0093C604 /* Build configuration list for PBXNativeTarget "Mariana_RiosSilveiraCarvalho_FE_8903346" */;
			buildPhases = (
				287E73ED2B24FBFC0093C604 /* Sources */,
				287E73EE2B24FBFC0093C604 /* Frameworks */,
				287E73EF2B24FBFC0093C604 /* Resources */,
			);
			buildRules = (
			);
			dependencies = (
			);
			name = Mariana_RiosSilveiraCarvalho_FE_8903346;
			productName = Mariana_RiosSilveiraCarvalho_FE_8903346;
			productReference = 287E73F12B24FBFC0093C604 /* Mariana_RiosSilveiraCarvalho_FE_8903346.app */;
			productType = "com.apple.product-type.application";
		};
/* End PBXNativeTarget section */

/* Begin PBXProject section */
		287E73E92B24FBFC0093C604 /* Project object */ = {
			isa = PBXProject;
			attributes = {
				BuildIndependentTargetsInParallel = 1;
				LastSwiftUpdateCheck = 1500;
				LastUpgradeCheck = 1500;
				TargetAttributes = {
					287E73F02B24FBFC0093C604 = {
						CreatedOnToolsVersion = 15.0.1;
					};
				};
			};
			buildConfigurationList = 287E73EC2B24FBFC0093C604 /* Build configuration list for PBXProject "Mariana_RiosSilveiraCarvalho_FE_8903346" */;
			compatibilityVersion = "Xcode 14.0";
			developmentRegion = en;
			hasScannedForEncodings = 0;
			knownRegions = (
				en,
				Base,
			);
			mainGroup = 287E73E82B24FBFC0093C604;
			productRefGroup = 287E73F22B24FBFC0093C604 /* Products */;
			projectDirPath = "";
			projectRoot = "";
			targets = (
				287E73F02B24FBFC0093C604 /* Mariana_RiosSilveiraCarvalho_FE_8903346 */,
			);
		};
/* End PBXProject section */

/* Begin PBXResourcesBuildPhase section */
		287E73EF2B24FBFC0093C604 /* Resources */ = {
			isa = PBXResourcesBuildPhase;
			buildActionMask = 2147483647;
			files = (
				286597662B2531DE006D51D0 /* Main.storyboard in Resources */,
				287E74042B24FBFD0093C604 /* LaunchScreen.storyboard in Resources */,
				287E74012B24FBFD0093C604 /* Assets.xcassets in Resources */,
			);
			runOnlyForDeploymentPostprocessing = 0;
		};
/* End PBXResourcesBuildPhase section */

/* Begin PBXSourcesBuildPhase section */
		287E73ED2B24FBFC0093C604 /* Sources */ = {
			isa = PBXSourcesBuildPhase;
			buildActionMask = 2147483647;
			files = (
				286597932B26CB33006D51D0 /* WeatherTableViewCell.swift in Sources */,
				2865978A2B267690006D51D0 /* WeatherData.swift in Sources */,
				2865977D2B25654A006D51D0 /* WeatherInfo.swift in Sources */,
				286597712B255BDC006D51D0 /* UIImageView+LoadImage.swift in Sources */,
				286597882B263FB4006D51D0 /* SearchData.swift in Sources */,
				2865976F2B255BAD006D51D0 /* Double+Convertions.swift in Sources */,
				287E73F52B24FBFC0093C604 /* AppDelegate.swift in Sources */,
				2865976D2B255ACE006D51D0 /* WeatherViewModel.swift in Sources */,
				286597812B256F32006D51D0 /* UIViewController+CoreData.swift in Sources */,
				2865978C2B267710006D51D0 /* SearchHistoryData.swift in Sources */,
				2865977F2B256551006D51D0 /* Sys.swift in Sources */,
				286597732B25651C006D51D0 /* Weather.swift in Sources */,
				2865978F2B26B80D006D51D0 /* HistoryTableViewController.swift in Sources */,
				286597852B258643006D51D0 /* Model.xcdatamodeld in Sources */,
				286597912B26C2FB006D51D0 /* HistoryViewModel.swift in Sources */,
				286597772B256535006D51D0 /* Coordinate.swift in Sources */,
				286597792B256539006D51D0 /* Main.swift in Sources */,
				2865976B2B255AA3006D51D0 /* WeatherViewController.swift in Sources */,
				282BA9BB2B25301A00A4E6B4 /* MainViewController.swift in Sources */,
				287E74142B2521AD0093C604 /* UIViewController+UIAlertController.swift in Sources */,
				287E73F72B24FBFC0093C604 /* SceneDelegate.swift in Sources */,
				286597752B256525006D51D0 /* Clouds.swift in Sources */,
				2865977B2B25653F006D51D0 /* Wind.swift in Sources */,
			);
			runOnlyForDeploymentPostprocessing = 0;
		};
/* End PBXSourcesBuildPhase section */

/* Begin PBXVariantGroup section */
		286597642B2531DE006D51D0 /* Main.storyboard */ = {
			isa = PBXVariantGroup;
			children = (
				286597652B2531DE006D51D0 /* Base */,
			);
			name = Main.storyboard;
			sourceTree = "<group>";
		};
		287E74022B24FBFD0093C604 /* LaunchScreen.storyboard */ = {
			isa = PBXVariantGroup;
			children = (
				287E74032B24FBFD0093C604 /* Base */,
			);
			name = LaunchScreen.storyboard;
			sourceTree = "<group>";
		};
/* End PBXVariantGroup section */

/* Begin XCBuildConfiguration section */
		287E74062B24FBFD0093C604 /* Debug */ = {
			isa = XCBuildConfiguration;
			buildSettings = {
				ALWAYS_SEARCH_USER_PATHS = NO;
				ASSETCATALOG_COMPILER_GENERATE_SWIFT_ASSET_SYMBOL_EXTENSIONS = YES;
				CLANG_ANALYZER_NONNULL = YES;
				CLANG_ANALYZER_NUMBER_OBJECT_CONVERSION = YES_AGGRESSIVE;
				CLANG_CXX_LANGUAGE_STANDARD = "gnu++20";
				CLANG_ENABLE_MODULES = YES;
				CLANG_ENABLE_OBJC_ARC = YES;
				CLANG_ENABLE_OBJC_WEAK = YES;
				CLANG_WARN_BLOCK_CAPTURE_AUTORELEASING = YES;
				CLANG_WARN_BOOL_CONVERSION = YES;
				CLANG_WARN_COMMA = YES;
				CLANG_WARN_CONSTANT_CONVERSION = YES;
				CLANG_WARN_DEPRECATED_OBJC_IMPLEMENTATIONS = YES;
				CLANG_WARN_DIRECT_OBJC_ISA_USAGE = YES_ERROR;
				CLANG_WARN_DOCUMENTATION_COMMENTS = YES;
				CLANG_WARN_EMPTY_BODY = YES;
				CLANG_WARN_ENUM_CONVERSION = YES;
				CLANG_WARN_INFINITE_RECURSION = YES;
				CLANG_WARN_INT_CONVERSION = YES;
				CLANG_WARN_NON_LITERAL_NULL_CONVERSION = YES;
				CLANG_WARN_OBJC_IMPLICIT_RETAIN_SELF = YES;
				CLANG_WARN_OBJC_LITERAL_CONVERSION = YES;
				CLANG_WARN_OBJC_ROOT_CLASS = YES_ERROR;
				CLANG_WARN_QUOTED_INCLUDE_IN_FRAMEWORK_HEADER = YES;
				CLANG_WARN_RANGE_LOOP_ANALYSIS = YES;
				CLANG_WARN_STRICT_PROTOTYPES = YES;
				CLANG_WARN_SUSPICIOUS_MOVE = YES;
				CLANG_WARN_UNGUARDED_AVAILABILITY = YES_AGGRESSIVE;
				CLANG_WARN_UNREACHABLE_CODE = YES;
				CLANG_WARN__DUPLICATE_METHOD_MATCH = YES;
				COPY_PHASE_STRIP = NO;
				DEBUG_INFORMATION_FORMAT = dwarf;
				ENABLE_STRICT_OBJC_MSGSEND = YES;
				ENABLE_TESTABILITY = YES;
				ENABLE_USER_SCRIPT_SANDBOXING = YES;
				GCC_C_LANGUAGE_STANDARD = gnu17;
				GCC_DYNAMIC_NO_PIC = NO;
				GCC_NO_COMMON_BLOCKS = YES;
				GCC_OPTIMIZATION_LEVEL = 0;
				GCC_PREPROCESSOR_DEFINITIONS = (
					"DEBUG=1",
					"$(inherited)",
				);
				GCC_WARN_64_TO_32_BIT_CONVERSION = YES;
				GCC_WARN_ABOUT_RETURN_TYPE = YES_ERROR;
				GCC_WARN_UNDECLARED_SELECTOR = YES;
				GCC_WARN_UNINITIALIZED_AUTOS = YES_AGGRESSIVE;
				GCC_WARN_UNUSED_FUNCTION = YES;
				GCC_WARN_UNUSED_VARIABLE = YES;
				IPHONEOS_DEPLOYMENT_TARGET = 17.0;
				LOCALIZATION_PREFERS_STRING_CATALOGS = YES;
				MTL_ENABLE_DEBUG_INFO = INCLUDE_SOURCE;
				MTL_FAST_MATH = YES;
				ONLY_ACTIVE_ARCH = YES;
				SDKROOT = iphoneos;
				SWIFT_ACTIVE_COMPILATION_CONDITIONS = "DEBUG $(inherited)";
				SWIFT_OPTIMIZATION_LEVEL = "-Onone";
			};
			name = Debug;
		};
		287E74072B24FBFD0093C604 /* Release */ = {
			isa = XCBuildConfiguration;
			buildSettings = {
				ALWAYS_SEARCH_USER_PATHS = NO;
				ASSETCATALOG_COMPILER_GENERATE_SWIFT_ASSET_SYMBOL_EXTENSIONS = YES;
				CLANG_ANALYZER_NONNULL = YES;
				CLANG_ANALYZER_NUMBER_OBJECT_CONVERSION = YES_AGGRESSIVE;
				CLANG_CXX_LANGUAGE_STANDARD = "gnu++20";
				CLANG_ENABLE_MODULES = YES;
				CLANG_ENABLE_OBJC_ARC = YES;
				CLANG_ENABLE_OBJC_WEAK = YES;
				CLANG_WARN_BLOCK_CAPTURE_AUTORELEASING = YES;
				CLANG_WARN_BOOL_CONVERSION = YES;
				CLANG_WARN_COMMA = YES;
				CLANG_WARN_CONSTANT_CONVERSION = YES;
				CLANG_WARN_DEPRECATED_OBJC_IMPLEMENTATIONS = YES;
				CLANG_WARN_DIRECT_OBJC_ISA_USAGE = YES_ERROR;
				CLANG_WARN_DOCUMENTATION_COMMENTS = YES;
				CLANG_WARN_EMPTY_BODY = YES;
				CLANG_WARN_ENUM_CONVERSION = YES;
				CLANG_WARN_INFINITE_RECURSION = YES;
				CLANG_WARN_INT_CONVERSION = YES;
				CLANG_WARN_NON_LITERAL_NULL_CONVERSION = YES;
				CLANG_WARN_OBJC_IMPLICIT_RETAIN_SELF = YES;
				CLANG_WARN_OBJC_LITERAL_CONVERSION = YES;
				CLANG_WARN_OBJC_ROOT_CLASS = YES_ERROR;
				CLANG_WARN_QUOTED_INCLUDE_IN_FRAMEWORK_HEADER = YES;
				CLANG_WARN_RANGE_LOOP_ANALYSIS = YES;
				CLANG_WARN_STRICT_PROTOTYPES = YES;
				CLANG_WARN_SUSPICIOUS_MOVE = YES;
				CLANG_WARN_UNGUARDED_AVAILABILITY = YES_AGGRESSIVE;
				CLANG_WARN_UNREACHABLE_CODE = YES;
				CLANG_WARN__DUPLICATE_METHOD_MATCH = YES;
				COPY_PHASE_STRIP = NO;
				DEBUG_INFORMATION_FORMAT = "dwarf-with-dsym";
				ENABLE_NS_ASSERTIONS = NO;
				ENABLE_STRICT_OBJC_MSGSEND = YES;
				ENABLE_USER_SCRIPT_SANDBOXING = YES;
				GCC_C_LANGUAGE_STANDARD = gnu17;
				GCC_NO_COMMON_BLOCKS = YES;
				GCC_WARN_64_TO_32_BIT_CONVERSION = YES;
				GCC_WARN_ABOUT_RETURN_TYPE = YES_ERROR;
				GCC_WARN_UNDECLARED_SELECTOR = YES;
				GCC_WARN_UNINITIALIZED_AUTOS = YES_AGGRESSIVE;
				GCC_WARN_UNUSED_FUNCTION = YES;
				GCC_WARN_UNUSED_VARIABLE = YES;
				IPHONEOS_DEPLOYMENT_TARGET = 17.0;
				LOCALIZATION_PREFERS_STRING_CATALOGS = YES;
				MTL_ENABLE_DEBUG_INFO = NO;
				MTL_FAST_MATH = YES;
				SDKROOT = iphoneos;
				SWIFT_COMPILATION_MODE = wholemodule;
				VALIDATE_PRODUCT = YES;
			};
			name = Release;
		};
		287E74092B24FBFD0093C604 /* Debug */ = {
			isa = XCBuildConfiguration;
			buildSettings = {
				ASSETCATALOG_COMPILER_APPICON_NAME = AppIcon;
				ASSETCATALOG_COMPILER_GLOBAL_ACCENT_COLOR_NAME = AccentColor;
				CODE_SIGN_STYLE = Automatic;
				CURRENT_PROJECT_VERSION = 1;
				GENERATE_INFOPLIST_FILE = YES;
				INFOPLIST_FILE = Mariana_RiosSilveiraCarvalho_FE_8903346/Info.plist;
				INFOPLIST_KEY_UIApplicationSupportsIndirectInputEvents = YES;
				INFOPLIST_KEY_UILaunchStoryboardName = LaunchScreen;
				INFOPLIST_KEY_UIMainStoryboardFile = Main;
				INFOPLIST_KEY_UISupportedInterfaceOrientations_iPad = "UIInterfaceOrientationPortrait UIInterfaceOrientationPortraitUpsideDown UIInterfaceOrientationLandscapeLeft UIInterfaceOrientationLandscapeRight";
				INFOPLIST_KEY_UISupportedInterfaceOrientations_iPhone = "UIInterfaceOrientationPortrait UIInterfaceOrientationLandscapeLeft UIInterfaceOrientationLandscapeRight";
				LD_RUNPATH_SEARCH_PATHS = (
					"$(inherited)",
					"@executable_path/Frameworks",
				);
				MARKETING_VERSION = 1.0;
				PRODUCT_BUNDLE_IDENTIFIER = "ca.on.conestogac.Mariana-RiosSilveiraCarvalho-FE-8903346";
				PRODUCT_NAME = "$(TARGET_NAME)";
				SWIFT_EMIT_LOC_STRINGS = YES;
				SWIFT_VERSION = 5.0;
				TARGETED_DEVICE_FAMILY = "1,2";
			};
			name = Debug;
		};
		287E740A2B24FBFD0093C604 /* Release */ = {
			isa = XCBuildConfiguration;
			buildSettings = {
				ASSETCATALOG_COMPILER_APPICON_NAME = AppIcon;
				ASSETCATALOG_COMPILER_GLOBAL_ACCENT_COLOR_NAME = AccentColor;
				CODE_SIGN_STYLE = Automatic;
				CURRENT_PROJECT_VERSION = 1;
				GENERATE_INFOPLIST_FILE = YES;
				INFOPLIST_FILE = Mariana_RiosSilveiraCarvalho_FE_8903346/Info.plist;
				INFOPLIST_KEY_UIApplicationSupportsIndirectInputEvents = YES;
				INFOPLIST_KEY_UILaunchStoryboardName = LaunchScreen;
				INFOPLIST_KEY_UIMainStoryboardFile = Main;
				INFOPLIST_KEY_UISupportedInterfaceOrientations_iPad = "UIInterfaceOrientationPortrait UIInterfaceOrientationPortraitUpsideDown UIInterfaceOrientationLandscapeLeft UIInterfaceOrientationLandscapeRight";
				INFOPLIST_KEY_UISupportedInterfaceOrientations_iPhone = "UIInterfaceOrientationPortrait UIInterfaceOrientationLandscapeLeft UIInterfaceOrientationLandscapeRight";
				LD_RUNPATH_SEARCH_PATHS = (
					"$(inherited)",
					"@executable_path/Frameworks",
				);
				MARKETING_VERSION = 1.0;
				PRODUCT_BUNDLE_IDENTIFIER = "ca.on.conestogac.Mariana-RiosSilveiraCarvalho-FE-8903346";
				PRODUCT_NAME = "$(TARGET_NAME)";
				SWIFT_EMIT_LOC_STRINGS = YES;
				SWIFT_VERSION = 5.0;
				TARGETED_DEVICE_FAMILY = "1,2";
			};
			name = Release;
		};
/* End XCBuildConfiguration section */

/* Begin XCConfigurationList section */
		287E73EC2B24FBFC0093C604 /* Build configuration list for PBXProject "Mariana_RiosSilveiraCarvalho_FE_8903346" */ = {
			isa = XCConfigurationList;
			buildConfigurations = (
				287E74062B24FBFD0093C604 /* Debug */,
				287E74072B24FBFD0093C604 /* Release */,
			);
			defaultConfigurationIsVisible = 0;
			defaultConfigurationName = Release;
		};
		287E74082B24FBFD0093C604 /* Build configuration list for PBXNativeTarget "Mariana_RiosSilveiraCarvalho_FE_8903346" */ = {
			isa = XCConfigurationList;
			buildConfigurations = (
				287E74092B24FBFD0093C604 /* Debug */,
				287E740A2B24FBFD0093C604 /* Release */,
			);
			defaultConfigurationIsVisible = 0;
			defaultConfigurationName = Release;
		};
/* End XCConfigurationList section */

/* Begin XCVersionGroup section */
		286597832B258643006D51D0 /* Model.xcdatamodeld */ = {
			isa = XCVersionGroup;
			children = (
				286597842B258643006D51D0 /* Model.xcdatamodel */,
			);
			currentVersion = 286597842B258643006D51D0 /* Model.xcdatamodel */;
			path = Model.xcdatamodeld;
			sourceTree = "<group>";
			versionGroupType = wrapper.xcdatamodel;
		};
/* End XCVersionGroup section */
	};
	rootObject = 287E73E92B24FBFC0093C604 /* Project object */;
}
